
Microsoft Visual Studio Solution File, Format Version 12.00
# Visual Studio 15
VisualStudioVersion = 15.0.28010.2041
MinimumVisualStudioVersion = 10.0.40219.1
Project("{FAE04EC0-301F-11D3-BF4B-00C04F79EFBC}") = "ProjektHelix3D", "ProjektHelix3D\ProjektHelix3D.csproj", "{86A09554-530F-44E8-885A-589282444086}"
EndProject
Global
	GlobalSection(SolutionConfigurationPlatforms) = preSolution
		Debug|Any CPU = Debug|Any CPU
		Release|Any CPU = Release|Any CPU
	EndGlobalSection
	GlobalSection(ProjectConfigurationPlatforms) = postSolution
		{86A09554-530F-44E8-885A-589282444086}.Debug|Any CPU.ActiveCfg = Debug|Any CPU
		{86A09554-530F-44E8-885A-589282444086}.Debug|Any CPU.Build.0 = Debug|Any CPU
		{86A09554-530F-44E8-885A-589282444086}.Release|Any CPU.ActiveCfg = Release|Any CPU
		{86A09554-530F-44E8-885A-589282444086}.Release|Any CPU.Build.0 = Release|Any CPU
	EndGlobalSection
	GlobalSection(SolutionProperties) = preSolution
		HideSolutionNode = FALSE
	EndGlobalSection
	GlobalSection(ExtensibilityGlobals) = postSolution
		SolutionGuid = {1DFEAE4E-7274-4DF3-9273-AC5B305FD803}
	EndGlobalSection
EndGlobal
