
Microsoft Visual Studio Solution File, Format Version 12.00
# Visual Studio 15
VisualStudioVersion = 15.0.28307.136
MinimumVisualStudioVersion = 10.0.40219.1
Project("{FAE04EC0-301F-11D3-BF4B-00C04F79EFBC}") = "Pismeni_Ispit_2016_06_30", "Pismeni_Ispit_2016_06_30\Pismeni_Ispit_2016_06_30.csproj", "{3F15BA68-D3F5-4B1B-83EE-89B54A990205}"
EndProject
Global
	GlobalSection(SolutionConfigurationPlatforms) = preSolution
		Debug|Any CPU = Debug|Any CPU
		Release|Any CPU = Release|Any CPU
	EndGlobalSection
	GlobalSection(ProjectConfigurationPlatforms) = postSolution
		{3F15BA68-D3F5-4B1B-83EE-89B54A990205}.Debug|Any CPU.ActiveCfg = Debug|Any CPU
		{3F15BA68-D3F5-4B1B-83EE-89B54A990205}.Debug|Any CPU.Build.0 = Debug|Any CPU
		{3F15BA68-D3F5-4B1B-83EE-89B54A990205}.Release|Any CPU.ActiveCfg = Release|Any CPU
		{3F15BA68-D3F5-4B1B-83EE-89B54A990205}.Release|Any CPU.Build.0 = Release|Any CPU
	EndGlobalSection
	GlobalSection(SolutionProperties) = preSolution
		HideSolutionNode = FALSE
	EndGlobalSection
	GlobalSection(ExtensibilityGlobals) = postSolution
		SolutionGuid = {C03F220D-3654-4171-9F55-21A8E1071204}
	EndGlobalSection
EndGlobal
